// !$*UTF8*$!
{
	archiveVersion = 1;
	classes = {
	};
	objectVersion = 77;
	objects = {

/* Begin PBXBuildFile section */
		0642E4B64AFFAB0B2CEDE8D1 /* RoutingAnalysisView.swift in Sources */ = {isa = PBXBuildFile; fileRef = 4B6F3EF00A2E6D7AD243CA8A /* RoutingAnalysisView.swift */; };
		0F66878FD43323ACF9D4789E /* AssistantReadableText.swift in Sources */ = {isa = PBXBuildFile; fileRef = DE5B91522FE029B414DA151C /* AssistantReadableText.swift */; };
		11DF1396F1C5933598399718 /* ARILApp.swift in Sources */ = {isa = PBXBuildFile; fileRef = B4BE5D37AD05D88C1F97C22A /* ARILApp.swift */; };
		17A3C70916F018539718B02E /* AppState.swift in Sources */ = {isa = PBXBuildFile; fileRef = F569C76A392C4EAF2B396EB7 /* AppState.swift */; };
		2143BD1EEDEAB0F06806F37C /* SystemMetricsMonitor.swift in Sources */ = {isa = PBXBuildFile; fileRef = C906E03EA7C6DF7794B2DF75 /* SystemMetricsMonitor.swift */; };
		22022D6BC26C6FFE70F5A810 /* APIModels.swift in Sources */ = {isa = PBXBuildFile; fileRef = 464CC3D69B6588E73D3EF50F /* APIModels.swift */; };
		2819F90D874BB91E3DC8B2EA /* OpenRouterOAuthCoordinator.swift in Sources */ = {isa = PBXBuildFile; fileRef = 8E05477DDB4E98CC6BFD805B /* OpenRouterOAuthCoordinator.swift */; };
		32343AEA72927095488EB9D2 /* HelpHint.swift in Sources */ = {isa = PBXBuildFile; fileRef = EB9C5BA9A53629691A392680 /* HelpHint.swift */; };
		3BB8237CE98D9F86E756540F /* LocalGatewayManager.swift in Sources */ = {isa = PBXBuildFile; fileRef = 48839FC15BE4A88D4474BEF3 /* LocalGatewayManager.swift */; };
		3F2352DCF92B7652FD578D2C /* AboutView.swift in Sources */ = {isa = PBXBuildFile; fileRef = CB6275E8A54ADE3171B7EA48 /* AboutView.swift */; };
		43FEFF44BC12126C3C0ABBA1 /* IntelligencePanelView.swift in Sources */ = {isa = PBXBuildFile; fileRef = 5BDAFE561961509A103F7891 /* IntelligencePanelView.swift */; };
		464A498032BC186E03084024 /* LocalGuardrailScanner.swift in Sources */ = {isa = PBXBuildFile; fileRef = 55361ECE99637E232D219342 /* LocalGuardrailScanner.swift */; };
		4B8284C195B20A12359734B4 /* ContentView.swift in Sources */ = {isa = PBXBuildFile; fileRef = 73F7258E2BF863107D0D1C2F /* ContentView.swift */; };
		5893D8DC9ED804F866D51509 /* MCPServerEditorView.swift in Sources */ = {isa = PBXBuildFile; fileRef = D3DA2E4C5C4C7C19C7831175 /* MCPServerEditorView.swift */; };
		5D99EDD46D917EBE0DDCD15E /* SidebarView.swift in Sources */ = {isa = PBXBuildFile; fileRef = E02CE4510A6C8072E4A59FD6 /* SidebarView.swift */; };
		647C08CDB2364845BB562E7A /* StatusFooterView.swift in Sources */ = {isa = PBXBuildFile; fileRef = 9654EC6E96D9A4A97B74AF5D /* StatusFooterView.swift */; };
		6AD417ABCEA0AEBEA62851B6 /* MessageDiagramSupport.swift in Sources */ = {isa = PBXBuildFile; fileRef = F6C722DD5096194447CF6AFD /* MessageDiagramSupport.swift */; };
		6D5BCBB207619C3C148D2E07 /* NmapServerManager.swift in Sources */ = {isa = PBXBuildFile; fileRef = D1043C54877BC10229B71AC9 /* NmapServerManager.swift */; };
		78671E9ACB7E7353C329A250 /* SystemMetricsTitleView.swift in Sources */ = {isa = PBXBuildFile; fileRef = 419B886F471ACE62C6442B8B /* SystemMetricsTitleView.swift */; };
		7A851037F2B08C395FAFFAE5 /* LogAnalysisView.swift in Sources */ = {isa = PBXBuildFile; fileRef = F59497300BFE9B0E70587C61 /* LogAnalysisView.swift */; };
		80D522E4978591C865C52D27 /* ModelPopularityView.swift in Sources */ = {isa = PBXBuildFile; fileRef = F160030F13576729A8C964D0 /* ModelPopularityView.swift */; };
		822BC840B98AADC146B3C60B /* OpenRouterModelBrowserView.swift in Sources */ = {isa = PBXBuildFile; fileRef = 750FDE47ACAD5DDAE88BBAE8 /* OpenRouterModelBrowserView.swift */; };
		8733524BC8975581135E1ECD /* ToolFlyoutPanel.swift in Sources */ = {isa = PBXBuildFile; fileRef = C74640C08B47F41FFFDDC233 /* ToolFlyoutPanel.swift */; };
		8CC21960279B31457BD24A9C /* ARILAPIClient.swift in Sources */ = {isa = PBXBuildFile; fileRef = A90E1ABAD8C8DA97F3329ACE /* ARILAPIClient.swift */; };
		8EFF02DB35D2995E3A97E9B0 /* AppUpdateService.swift in Sources */ = {isa = PBXBuildFile; fileRef = 8725868E4D67650FF71D364A /* AppUpdateService.swift */; };
		90AE6789C0D39645F031E68E /* Assets.xcassets in Resources */ = {isa = PBXBuildFile; fileRef = 275830288881563C30E79654 /* Assets.xcassets */; };
		9252747744954B4396BEC2B4 /* ARILGhostMark.swift in Sources */ = {isa = PBXBuildFile; fileRef = 117873442667CB37A568D620 /* ARILGhostMark.swift */; };
		9604DF986EC8D4EFE0888373 /* EmptyHeroView.swift in Sources */ = {isa = PBXBuildFile; fileRef = F5C79A42AE9A3AF0E679ED90 /* EmptyHeroView.swift */; };
		B8EB569822A0AC3A6D7FFD52 /* SettingsView.swift in Sources */ = {isa = PBXBuildFile; fileRef = 51A5248C42FB7C5D311DC40B /* SettingsView.swift */; };
		C587B43D4CB59922264CEB43 /* ARILTheme.swift in Sources */ = {isa = PBXBuildFile; fileRef = 796899604D33C1CBC8518B48 /* ARILTheme.swift */; };
		C9EEFE93AA37F8AEA8B378A6 /* ChatDetailView.swift in Sources */ = {isa = PBXBuildFile; fileRef = D836FC065BABA9BFBDFB872A /* ChatDetailView.swift */; };
		CEAD334C360E68FB903205A6 /* CodeScanServerManager.swift in Sources */ = {isa = PBXBuildFile; fileRef = 0443347766BFCB9819E1A606 /* CodeScanServerManager.swift */; };
		D439B867809FBF6C9E29A4BC /* InputBarView.swift in Sources */ = {isa = PBXBuildFile; fileRef = F6F2ABC0F4EC843FAB438355 /* InputBarView.swift */; };
		D6FF601B057CD3CD167B75AE /* ARILTitleWordmarkView.swift in Sources */ = {isa = PBXBuildFile; fileRef = 396373487839832B6360D578 /* ARILTitleWordmarkView.swift */; };
		D84FE3251619E0DA674D7A1D /* MessageListView.swift in Sources */ = {isa = PBXBuildFile; fileRef = 1416251B652DE7DE8C09313A /* MessageListView.swift */; };
		DA44B72AD5A95C79010D99EB /* MCPEnvStore.swift in Sources */ = {isa = PBXBuildFile; fileRef = 4FE84B0100D74558885874D7 /* MCPEnvStore.swift */; };
		DAD34B55453C688949F53BD7 /* SpendAnalysisView.swift in Sources */ = {isa = PBXBuildFile; fileRef = 07D8E72E848E66BF7EB03ADC /* SpendAnalysisView.swift */; };
		DC94FE292CCBBB50127BA960 /* aril-mark.png in Resources */ = {isa = PBXBuildFile; fileRef = 06E463243CDA83DE4642027C /* aril-mark.png */; };
		E1E83C57989C69FA4FC2C90D /* SpendLedger.swift in Sources */ = {isa = PBXBuildFile; fileRef = 737E53E01C03502A719F8365 /* SpendLedger.swift */; };
		E5676938CCEC2F485B4CC994 /* CompareResultsView.swift in Sources */ = {isa = PBXBuildFile; fileRef = 4471C3658442F237DC5C1C61 /* CompareResultsView.swift */; };
		EC27484AD20E0994A78094A7 /* StatusBarController.swift in Sources */ = {isa = PBXBuildFile; fileRef = A9CF94248A2D3725D27ED3A2 /* StatusBarController.swift */; };
		EF19B318BFD33393131FB656 /* Models.swift in Sources */ = {isa = PBXBuildFile; fileRef = 9ECDA663B4CC8289E453914E /* Models.swift */; };
		F379B2566042AEF3969B0C2D /* LearningView.swift in Sources */ = {isa = PBXBuildFile; fileRef = 32EA1CA6FCA0203B4A0A30A5 /* LearningView.swift */; };
/* End PBXBuildFile section */

/* Begin PBXFileReference section */
		0443347766BFCB9819E1A606 /* CodeScanServerManager.swift */ = {isa = PBXFileReference; lastKnownFileType = sourcecode.swift; path = CodeScanServerManager.swift; sourceTree = "<group>"; };
		06E463243CDA83DE4642027C /* aril-mark.png */ = {isa = PBXFileReference; lastKnownFileType = image.png; path = "aril-mark.png"; sourceTree = "<group>"; };
		07D8E72E848E66BF7EB03ADC /* SpendAnalysisView.swift */ = {isa = PBXFileReference; lastKnownFileType = sourcecode.swift; path = SpendAnalysisView.swift; sourceTree = "<group>"; };
		117873442667CB37A568D620 /* ARILGhostMark.swift */ = {isa = PBXFileReference; lastKnownFileType = sourcecode.swift; path = ARILGhostMark.swift; sourceTree = "<group>"; };
		1416251B652DE7DE8C09313A /* MessageListView.swift */ = {isa = PBXFileReference; lastKnownFileType = sourcecode.swift; path = MessageListView.swift; sourceTree = "<group>"; };
		275830288881563C30E79654 /* Assets.xcassets */ = {isa = PBXFileReference; lastKnownFileType = folder.assetcatalog; path = Assets.xcassets; sourceTree = "<group>"; };
		32EA1CA6FCA0203B4A0A30A5 /* LearningView.swift */ = {isa = PBXFileReference; lastKnownFileType = sourcecode.swift; path = LearningView.swift; sourceTree = "<group>"; };
		396373487839832B6360D578 /* ARILTitleWordmarkView.swift */ = {isa = PBXFileReference; lastKnownFileType = sourcecode.swift; path = ARILTitleWordmarkView.swift; sourceTree = "<group>"; };
		419B886F471ACE62C6442B8B /* SystemMetricsTitleView.swift */ = {isa = PBXFileReference; lastKnownFileType = sourcecode.swift; path = SystemMetricsTitleView.swift; sourceTree = "<group>"; };
		4471C3658442F237DC5C1C61 /* CompareResultsView.swift */ = {isa = PBXFileReference; lastKnownFileType = sourcecode.swift; path = CompareResultsView.swift; sourceTree = "<group>"; };
		464CC3D69B6588E73D3EF50F /* APIModels.swift */ = {isa = PBXFileReference; lastKnownFileType = sourcecode.swift; path = APIModels.swift; sourceTree = "<group>"; };
		48839FC15BE4A88D4474BEF3 /* LocalGatewayManager.swift */ = {isa = PBXFileReference; lastKnownFileType = sourcecode.swift; path = LocalGatewayManager.swift; sourceTree = "<group>"; };
		4B6F3EF00A2E6D7AD243CA8A /* RoutingAnalysisView.swift */ = {isa = PBXFileReference; lastKnownFileType = sourcecode.swift; path = RoutingAnalysisView.swift; sourceTree = "<group>"; };
		4FE84B0100D74558885874D7 /* MCPEnvStore.swift */ = {isa = PBXFileReference; lastKnownFileType = sourcecode.swift; path = MCPEnvStore.swift; sourceTree = "<group>"; };
		51A5248C42FB7C5D311DC40B /* SettingsView.swift */ = {isa = PBXFileReference; lastKnownFileType = sourcecode.swift; path = SettingsView.swift; sourceTree = "<group>"; };
		55361ECE99637E232D219342 /* LocalGuardrailScanner.swift */ = {isa = PBXFileReference; lastKnownFileType = sourcecode.swift; path = LocalGuardrailScanner.swift; sourceTree = "<group>"; };
		5BDAFE561961509A103F7891 /* IntelligencePanelView.swift */ = {isa = PBXFileReference; lastKnownFileType = sourcecode.swift; path = IntelligencePanelView.swift; sourceTree = "<group>"; };
		737E53E01C03502A719F8365 /* SpendLedger.swift */ = {isa = PBXFileReference; lastKnownFileType = sourcecode.swift; path = SpendLedger.swift; sourceTree = "<group>"; };
		73F7258E2BF863107D0D1C2F /* ContentView.swift */ = {isa = PBXFileReference; lastKnownFileType = sourcecode.swift; path = ContentView.swift; sourceTree = "<group>"; };
		750FDE47ACAD5DDAE88BBAE8 /* OpenRouterModelBrowserView.swift */ = {isa = PBXFileReference; lastKnownFileType = sourcecode.swift; path = OpenRouterModelBrowserView.swift; sourceTree = "<group>"; };
		796899604D33C1CBC8518B48 /* ARILTheme.swift */ = {isa = PBXFileReference; lastKnownFileType = sourcecode.swift; path = ARILTheme.swift; sourceTree = "<group>"; };
		8725868E4D67650FF71D364A /* AppUpdateService.swift */ = {isa = PBXFileReference; lastKnownFileType = sourcecode.swift; path = AppUpdateService.swift; sourceTree = "<group>"; };
		8E05477DDB4E98CC6BFD805B /* OpenRouterOAuthCoordinator.swift */ = {isa = PBXFileReference; lastKnownFileType = sourcecode.swift; path = OpenRouterOAuthCoordinator.swift; sourceTree = "<group>"; };
		9654EC6E96D9A4A97B74AF5D /* StatusFooterView.swift */ = {isa = PBXFileReference; lastKnownFileType = sourcecode.swift; path = StatusFooterView.swift; sourceTree = "<group>"; };
		9ECDA663B4CC8289E453914E /* Models.swift */ = {isa = PBXFileReference; lastKnownFileType = sourcecode.swift; path = Models.swift; sourceTree = "<group>"; };
		A90E1ABAD8C8DA97F3329ACE /* ARILAPIClient.swift */ = {isa = PBXFileReference; lastKnownFileType = sourcecode.swift; path = ARILAPIClient.swift; sourceTree = "<group>"; };
		A9CF94248A2D3725D27ED3A2 /* StatusBarController.swift */ = {isa = PBXFileReference; lastKnownFileType = sourcecode.swift; path = StatusBarController.swift; sourceTree = "<group>"; };
		AF7F3C1872C5C680482304E6 /* ARIL.app */ = {isa = PBXFileReference; explicitFileType = wrapper.application; includeInIndex = 0; path = ARIL.app; sourceTree = BUILT_PRODUCTS_DIR; };
		B4BE5D37AD05D88C1F97C22A /* ARILApp.swift */ = {isa = PBXFileReference; lastKnownFileType = sourcecode.swift; path = ARILApp.swift; sourceTree = "<group>"; };
		C74640C08B47F41FFFDDC233 /* ToolFlyoutPanel.swift */ = {isa = PBXFileReference; lastKnownFileType = sourcecode.swift; path = ToolFlyoutPanel.swift; sourceTree = "<group>"; };
		C906E03EA7C6DF7794B2DF75 /* SystemMetricsMonitor.swift */ = {isa = PBXFileReference; lastKnownFileType = sourcecode.swift; path = SystemMetricsMonitor.swift; sourceTree = "<group>"; };
		CB6275E8A54ADE3171B7EA48 /* AboutView.swift */ = {isa = PBXFileReference; lastKnownFileType = sourcecode.swift; path = AboutView.swift; sourceTree = "<group>"; };
		D1043C54877BC10229B71AC9 /* NmapServerManager.swift */ = {isa = PBXFileReference; lastKnownFileType = sourcecode.swift; path = NmapServerManager.swift; sourceTree = "<group>"; };
		D3DA2E4C5C4C7C19C7831175 /* MCPServerEditorView.swift */ = {isa = PBXFileReference; lastKnownFileType = sourcecode.swift; path = MCPServerEditorView.swift; sourceTree = "<group>"; };
		D836FC065BABA9BFBDFB872A /* ChatDetailView.swift */ = {isa = PBXFileReference; lastKnownFileType = sourcecode.swift; path = ChatDetailView.swift; sourceTree = "<group>"; };
		DE5B91522FE029B414DA151C /* AssistantReadableText.swift */ = {isa = PBXFileReference; lastKnownFileType = sourcecode.swift; path = AssistantReadableText.swift; sourceTree = "<group>"; };
		E02CE4510A6C8072E4A59FD6 /* SidebarView.swift */ = {isa = PBXFileReference; lastKnownFileType = sourcecode.swift; path = SidebarView.swift; sourceTree = "<group>"; };
		EB9C5BA9A53629691A392680 /* HelpHint.swift */ = {isa = PBXFileReference; lastKnownFileType = sourcecode.swift; path = HelpHint.swift; sourceTree = "<group>"; };
		EBD5E146E4B831B21010D88F /* ARIL.entitlements */ = {isa = PBXFileReference; lastKnownFileType = text.plist.entitlements; path = ARIL.entitlements; sourceTree = "<group>"; };
		F160030F13576729A8C964D0 /* ModelPopularityView.swift */ = {isa = PBXFileReference; lastKnownFileType = sourcecode.swift; path = ModelPopularityView.swift; sourceTree = "<group>"; };
		F569C76A392C4EAF2B396EB7 /* AppState.swift */ = {isa = PBXFileReference; lastKnownFileType = sourcecode.swift; path = AppState.swift; sourceTree = "<group>"; };
		F59497300BFE9B0E70587C61 /* LogAnalysisView.swift */ = {isa = PBXFileReference; lastKnownFileType = sourcecode.swift; path = LogAnalysisView.swift; sourceTree = "<group>"; };
		F5C79A42AE9A3AF0E679ED90 /* EmptyHeroView.swift */ = {isa = PBXFileReference; lastKnownFileType = sourcecode.swift; path = EmptyHeroView.swift; sourceTree = "<group>"; };
		F6C722DD5096194447CF6AFD /* MessageDiagramSupport.swift */ = {isa = PBXFileReference; lastKnownFileType = sourcecode.swift; path = MessageDiagramSupport.swift; sourceTree = "<group>"; };
		F6F2ABC0F4EC843FAB438355 /* InputBarView.swift */ = {isa = PBXFileReference; lastKnownFileType = sourcecode.swift; path = InputBarView.swift; sourceTree = "<group>"; };
/* End PBXFileReference section */

/* Begin PBXGroup section */
		0443B34F40727214504FC1ED = {
			isa = PBXGroup;
			children = (
				A5EC03571E8C74A754CF1DE1 /* ARIL */,
				BC58FD019650C2A73EEFE93A /* Products */,
			);
			sourceTree = "<group>";
		};
		0493559D824A550F9237AB90 /* Models */ = {
			isa = PBXGroup;
			children = (
				F569C76A392C4EAF2B396EB7 /* AppState.swift */,
				9ECDA663B4CC8289E453914E /* Models.swift */,
			);
			path = Models;
			sourceTree = "<group>";
		};
		185F87B97D19EF971FC088FC /* Theme */ = {
			isa = PBXGroup;
			children = (
				796899604D33C1CBC8518B48 /* ARILTheme.swift */,
			);
			path = Theme;
			sourceTree = "<group>";
		};
		96F353F44338F8C77459BEDF /* Services */ = {
			isa = PBXGroup;
			children = (
				464CC3D69B6588E73D3EF50F /* APIModels.swift */,
				8725868E4D67650FF71D364A /* AppUpdateService.swift */,
				A90E1ABAD8C8DA97F3329ACE /* ARILAPIClient.swift */,
				0443347766BFCB9819E1A606 /* CodeScanServerManager.swift */,
				48839FC15BE4A88D4474BEF3 /* LocalGatewayManager.swift */,
				55361ECE99637E232D219342 /* LocalGuardrailScanner.swift */,
				4FE84B0100D74558885874D7 /* MCPEnvStore.swift */,
				D1043C54877BC10229B71AC9 /* NmapServerManager.swift */,
				8E05477DDB4E98CC6BFD805B /* OpenRouterOAuthCoordinator.swift */,
				737E53E01C03502A719F8365 /* SpendLedger.swift */,
				A9CF94248A2D3725D27ED3A2 /* StatusBarController.swift */,
				C906E03EA7C6DF7794B2DF75 /* SystemMetricsMonitor.swift */,
			);
			path = Services;
			sourceTree = "<group>";
		};
		9BCAA5F12B1E297FD764BD82 /* Views */ = {
			isa = PBXGroup;
			children = (
				CB6275E8A54ADE3171B7EA48 /* AboutView.swift */,
				117873442667CB37A568D620 /* ARILGhostMark.swift */,
				396373487839832B6360D578 /* ARILTitleWordmarkView.swift */,
				DE5B91522FE029B414DA151C /* AssistantReadableText.swift */,
				D836FC065BABA9BFBDFB872A /* ChatDetailView.swift */,
				4471C3658442F237DC5C1C61 /* CompareResultsView.swift */,
				73F7258E2BF863107D0D1C2F /* ContentView.swift */,
				F5C79A42AE9A3AF0E679ED90 /* EmptyHeroView.swift */,
				EB9C5BA9A53629691A392680 /* HelpHint.swift */,
				F6F2ABC0F4EC843FAB438355 /* InputBarView.swift */,
				5BDAFE561961509A103F7891 /* IntelligencePanelView.swift */,
				32EA1CA6FCA0203B4A0A30A5 /* LearningView.swift */,
				F59497300BFE9B0E70587C61 /* LogAnalysisView.swift */,
				D3DA2E4C5C4C7C19C7831175 /* MCPServerEditorView.swift */,
				F6C722DD5096194447CF6AFD /* MessageDiagramSupport.swift */,
				1416251B652DE7DE8C09313A /* MessageListView.swift */,
				F160030F13576729A8C964D0 /* ModelPopularityView.swift */,
				750FDE47ACAD5DDAE88BBAE8 /* OpenRouterModelBrowserView.swift */,
				4B6F3EF00A2E6D7AD243CA8A /* RoutingAnalysisView.swift */,
				51A5248C42FB7C5D311DC40B /* SettingsView.swift */,
				E02CE4510A6C8072E4A59FD6 /* SidebarView.swift */,
				07D8E72E848E66BF7EB03ADC /* SpendAnalysisView.swift */,
				9654EC6E96D9A4A97B74AF5D /* StatusFooterView.swift */,
				419B886F471ACE62C6442B8B /* SystemMetricsTitleView.swift */,
				C74640C08B47F41FFFDDC233 /* ToolFlyoutPanel.swift */,
			);
			path = Views;
			sourceTree = "<group>";
		};
		A5EC03571E8C74A754CF1DE1 /* ARIL */ = {
			isa = PBXGroup;
			children = (
				0493559D824A550F9237AB90 /* Models */,
				D5277280ED99D72EB8B02929 /* Resources */,
				96F353F44338F8C77459BEDF /* Services */,
				185F87B97D19EF971FC088FC /* Theme */,
				9BCAA5F12B1E297FD764BD82 /* Views */,
				EBD5E146E4B831B21010D88F /* ARIL.entitlements */,
				B4BE5D37AD05D88C1F97C22A /* ARILApp.swift */,
			);
			path = ARIL;
			sourceTree = "<group>";
		};
		BC58FD019650C2A73EEFE93A /* Products */ = {
			isa = PBXGroup;
			children = (
				AF7F3C1872C5C680482304E6 /* ARIL.app */,
			);
			name = Products;
			sourceTree = "<group>";
		};
		D5277280ED99D72EB8B02929 /* Resources */ = {
			isa = PBXGroup;
			children = (
				06E463243CDA83DE4642027C /* aril-mark.png */,
				275830288881563C30E79654 /* Assets.xcassets */,
			);
			path = Resources;
			sourceTree = "<group>";
		};
/* End PBXGroup section */

/* Begin PBXNativeTarget section */
		26AE9FACA9736C59658894DA /* ARIL */ = {
			isa = PBXNativeTarget;
			buildConfigurationList = 10EC3AF507DECF6036430ACF /* Build configuration list for PBXNativeTarget "ARIL" */;
			buildPhases = (
				F32F8AC0CAF78498472E4BCD /* Sources */,
				42D57FD2E1AAA6084E6B3A57 /* Resources */,
			);
			buildRules = (
			);
			dependencies = (
			);
			name = ARIL;
			packageProductDependencies = (
			);
			productName = ARIL;
			productReference = AF7F3C1872C5C680482304E6 /* ARIL.app */;
			productType = "com.apple.product-type.application";
		};
/* End PBXNativeTarget section */

/* Begin PBXProject section */
		B33028128746AC0E6BFCBF09 /* Project object */ = {
			isa = PBXProject;
			attributes = {
				BuildIndependentTargetsInParallel = YES;
				LastUpgradeCheck = 1430;
				TargetAttributes = {
				};
			};
			buildConfigurationList = 505E55EBB4BD2214D7873DAB /* Build configuration list for PBXProject "ARIL" */;
			developmentRegion = en;
			hasScannedForEncodings = 0;
			knownRegions = (
				Base,
				en,
			);
			mainGroup = 0443B34F40727214504FC1ED;
			minimizedProjectReferenceProxies = 1;
			preferredProjectObjectVersion = 77;
			productRefGroup = BC58FD019650C2A73EEFE93A /* Products */;
			projectDirPath = "";
			projectRoot = "";
			targets = (
				26AE9FACA9736C59658894DA /* ARIL */,
			);
		};
/* End PBXProject section */

/* Begin PBXResourcesBuildPhase section */
		42D57FD2E1AAA6084E6B3A57 /* Resources */ = {
			isa = PBXResourcesBuildPhase;
			buildActionMask = 2147483647;
			files = (
				90AE6789C0D39645F031E68E /* Assets.xcassets in Resources */,
				DC94FE292CCBBB50127BA960 /* aril-mark.png in Resources */,
			);
			runOnlyForDeploymentPostprocessing = 0;
		};
/* End PBXResourcesBuildPhase section */

/* Begin PBXSourcesBuildPhase section */
		F32F8AC0CAF78498472E4BCD /* Sources */ = {
			isa = PBXSourcesBuildPhase;
			buildActionMask = 2147483647;
			files = (
				22022D6BC26C6FFE70F5A810 /* APIModels.swift in Sources */,
				8CC21960279B31457BD24A9C /* ARILAPIClient.swift in Sources */,
				11DF1396F1C5933598399718 /* ARILApp.swift in Sources */,
				9252747744954B4396BEC2B4 /* ARILGhostMark.swift in Sources */,
				C587B43D4CB59922264CEB43 /* ARILTheme.swift in Sources */,
				D6FF601B057CD3CD167B75AE /* ARILTitleWordmarkView.swift in Sources */,
				3F2352DCF92B7652FD578D2C /* AboutView.swift in Sources */,
				17A3C70916F018539718B02E /* AppState.swift in Sources */,
				8EFF02DB35D2995E3A97E9B0 /* AppUpdateService.swift in Sources */,
				0F66878FD43323ACF9D4789E /* AssistantReadableText.swift in Sources */,
				C9EEFE93AA37F8AEA8B378A6 /* ChatDetailView.swift in Sources */,
				CEAD334C360E68FB903205A6 /* CodeScanServerManager.swift in Sources */,
				E5676938CCEC2F485B4CC994 /* CompareResultsView.swift in Sources */,
				4B8284C195B20A12359734B4 /* ContentView.swift in Sources */,
				9604DF986EC8D4EFE0888373 /* EmptyHeroView.swift in Sources */,
				32343AEA72927095488EB9D2 /* HelpHint.swift in Sources */,
				D439B867809FBF6C9E29A4BC /* InputBarView.swift in Sources */,
				43FEFF44BC12126C3C0ABBA1 /* IntelligencePanelView.swift in Sources */,
				F379B2566042AEF3969B0C2D /* LearningView.swift in Sources */,
				3BB8237CE98D9F86E756540F /* LocalGatewayManager.swift in Sources */,
				464A498032BC186E03084024 /* LocalGuardrailScanner.swift in Sources */,
				7A851037F2B08C395FAFFAE5 /* LogAnalysisView.swift in Sources */,
				DA44B72AD5A95C79010D99EB /* MCPEnvStore.swift in Sources */,
				5893D8DC9ED804F866D51509 /* MCPServerEditorView.swift in Sources */,
				6AD417ABCEA0AEBEA62851B6 /* MessageDiagramSupport.swift in Sources */,
				D84FE3251619E0DA674D7A1D /* MessageListView.swift in Sources */,
				80D522E4978591C865C52D27 /* ModelPopularityView.swift in Sources */,
				EF19B318BFD33393131FB656 /* Models.swift in Sources */,
				6D5BCBB207619C3C148D2E07 /* NmapServerManager.swift in Sources */,
				822BC840B98AADC146B3C60B /* OpenRouterModelBrowserView.swift in Sources */,
				2819F90D874BB91E3DC8B2EA /* OpenRouterOAuthCoordinator.swift in Sources */,
				0642E4B64AFFAB0B2CEDE8D1 /* RoutingAnalysisView.swift in Sources */,
				B8EB569822A0AC3A6D7FFD52 /* SettingsView.swift in Sources */,
				5D99EDD46D917EBE0DDCD15E /* SidebarView.swift in Sources */,
				DAD34B55453C688949F53BD7 /* SpendAnalysisView.swift in Sources */,
				E1E83C57989C69FA4FC2C90D /* SpendLedger.swift in Sources */,
				EC27484AD20E0994A78094A7 /* StatusBarController.swift in Sources */,
				647C08CDB2364845BB562E7A /* StatusFooterView.swift in Sources */,
				2143BD1EEDEAB0F06806F37C /* SystemMetricsMonitor.swift in Sources */,
				78671E9ACB7E7353C329A250 /* SystemMetricsTitleView.swift in Sources */,
				8733524BC8975581135E1ECD /* ToolFlyoutPanel.swift in Sources */,
			);
			runOnlyForDeploymentPostprocessing = 0;
		};
/* End PBXSourcesBuildPhase section */

/* Begin XCBuildConfiguration section */
		57FBF9FDEDD500BBA9829662 /* Release */ = {
			isa = XCBuildConfiguration;
			buildSettings = {
				ALWAYS_SEARCH_USER_PATHS = NO;
				CLANG_ANALYZER_NONNULL = YES;
				CLANG_ANALYZER_NUMBER_OBJECT_CONVERSION = YES_AGGRESSIVE;
				CLANG_CXX_LANGUAGE_STANDARD = "gnu++14";
				CLANG_CXX_LIBRARY = "libc++";
				CLANG_ENABLE_MODULES = YES;
				CLANG_ENABLE_OBJC_ARC = YES;
				CLANG_ENABLE_OBJC_WEAK = YES;
				CLANG_WARN_BLOCK_CAPTURE_AUTORELEASING = YES;
				CLANG_WARN_BOOL_CONVERSION = YES;
				CLANG_WARN_COMMA = YES;
				CLANG_WARN_CONSTANT_CONVERSION = YES;
				CLANG_WARN_DEPRECATED_OBJC_IMPLEMENTATIONS = YES;
				CLANG_WARN_DIRECT_OBJC_ISA_USAGE = YES_ERROR;
				CLANG_WARN_DOCUMENTATION_COMMENTS = YES;
				CLANG_WARN_EMPTY_BODY = YES;
				CLANG_WARN_ENUM_CONVERSION = YES;
				CLANG_WARN_INFINITE_RECURSION = YES;
				CLANG_WARN_INT_CONVERSION = YES;
				CLANG_WARN_NON_LITERAL_NULL_CONVERSION = YES;
				CLANG_WARN_OBJC_IMPLICIT_RETAIN_SELF = YES;
				CLANG_WARN_OBJC_LITERAL_CONVERSION = YES;
				CLANG_WARN_OBJC_ROOT_CLASS = YES_ERROR;
				CLANG_WARN_QUOTED_INCLUDE_IN_FRAMEWORK_HEADER = YES;
				CLANG_WARN_RANGE_LOOP_ANALYSIS = YES;
				CLANG_WARN_STRICT_PROTOTYPES = YES;
				CLANG_WARN_SUSPICIOUS_MOVE = YES;
				CLANG_WARN_UNGUARDED_AVAILABILITY = YES_AGGRESSIVE;
				CLANG_WARN_UNREACHABLE_CODE = YES;
				CLANG_WARN__DUPLICATE_METHOD_MATCH = YES;
				COPY_PHASE_STRIP = NO;
				CURRENT_PROJECT_VERSION = 71;
				DEBUG_INFORMATION_FORMAT = "dwarf-with-dsym";
				ENABLE_NS_ASSERTIONS = NO;
				ENABLE_STRICT_OBJC_MSGSEND = YES;
				GCC_C_LANGUAGE_STANDARD = gnu11;
				GCC_NO_COMMON_BLOCKS = YES;
				GCC_WARN_64_TO_32_BIT_CONVERSION = YES;
				GCC_WARN_ABOUT_RETURN_TYPE = YES_ERROR;
				GCC_WARN_UNDECLARED_SELECTOR = YES;
				GCC_WARN_UNINITIALIZED_AUTOS = YES_AGGRESSIVE;
				GCC_WARN_UNUSED_FUNCTION = YES;
				GCC_WARN_UNUSED_VARIABLE = YES;
				MACOSX_DEPLOYMENT_TARGET = 14.0;
				MARKETING_VERSION = 0.4.10;
				MTL_ENABLE_DEBUG_INFO = NO;
				MTL_FAST_MATH = YES;
				PRODUCT_NAME = "$(TARGET_NAME)";
				SDKROOT = macosx;
				SWIFT_COMPILATION_MODE = wholemodule;
				SWIFT_OPTIMIZATION_LEVEL = "-O";
				SWIFT_VERSION = 5.10;
			};
			name = Release;
		};
		64E3840D32EFC20772DD94EB /* Debug */ = {
			isa = XCBuildConfiguration;
			buildSettings = {
				ASSETCATALOG_COMPILER_APPICON_NAME = AppIcon;
				CODE_SIGN_ENTITLEMENTS = ARIL/ARIL.entitlements;
				COMBINE_HIDPI_IMAGES = YES;
				CURRENT_PROJECT_VERSION = 71;
				ENABLE_HARDENED_RUNTIME = YES;
				GENERATE_INFOPLIST_FILE = YES;
				INFOPLIST_KEY_CFBundleDisplayName = ARIL;
				INFOPLIST_KEY_LSApplicationCategoryType = "public.app-category.developer-tools";
				INFOPLIST_KEY_NSAppTransportSecurity_NSAllowsLocalNetworking = YES;
				INFOPLIST_KEY_NSHumanReadableCopyright = "Copyright © 2026 Ramon Ali";
				LD_RUNPATH_SEARCH_PATHS = (
					"$(inherited)",
					"@executable_path/../Frameworks",
				);
				MARKETING_VERSION = 0.4.10;
				PRODUCT_BUNDLE_IDENTIFIER = com.aril.app;
				PRODUCT_NAME = ARIL;
				SDKROOT = macosx;
			};
			name = Debug;
		};
		8027498FFDDEEE1BD4DE11EE /* Debug */ = {
			isa = XCBuildConfiguration;
			buildSettings = {
				ALWAYS_SEARCH_USER_PATHS = NO;
				CLANG_ANALYZER_NONNULL = YES;
				CLANG_ANALYZER_NUMBER_OBJECT_CONVERSION = YES_AGGRESSIVE;
				CLANG_CXX_LANGUAGE_STANDARD = "gnu++14";
				CLANG_CXX_LIBRARY = "libc++";
				CLANG_ENABLE_MODULES = YES;
				CLANG_ENABLE_OBJC_ARC = YES;
				CLANG_ENABLE_OBJC_WEAK = YES;
				CLANG_WARN_BLOCK_CAPTURE_AUTORELEASING = YES;
				CLANG_WARN_BOOL_CONVERSION = YES;
				CLANG_WARN_COMMA = YES;
				CLANG_WARN_CONSTANT_CONVERSION = YES;
				CLANG_WARN_DEPRECATED_OBJC_IMPLEMENTATIONS = YES;
				CLANG_WARN_DIRECT_OBJC_ISA_USAGE = YES_ERROR;
				CLANG_WARN_DOCUMENTATION_COMMENTS = YES;
				CLANG_WARN_EMPTY_BODY = YES;
				CLANG_WARN_ENUM_CONVERSION = YES;
				CLANG_WARN_INFINITE_RECURSION = YES;
				CLANG_WARN_INT_CONVERSION = YES;
				CLANG_WARN_NON_LITERAL_NULL_CONVERSION = YES;
				CLANG_WARN_OBJC_IMPLICIT_RETAIN_SELF = YES;
				CLANG_WARN_OBJC_LITERAL_CONVERSION = YES;
				CLANG_WARN_OBJC_ROOT_CLASS = YES_ERROR;
				CLANG_WARN_QUOTED_INCLUDE_IN_FRAMEWORK_HEADER = YES;
				CLANG_WARN_RANGE_LOOP_ANALYSIS = YES;
				CLANG_WARN_STRICT_PROTOTYPES = YES;
				CLANG_WARN_SUSPICIOUS_MOVE = YES;
				CLANG_WARN_UNGUARDED_AVAILABILITY = YES_AGGRESSIVE;
				CLANG_WARN_UNREACHABLE_CODE = YES;
				CLANG_WARN__DUPLICATE_METHOD_MATCH = YES;
				COPY_PHASE_STRIP = NO;
				CURRENT_PROJECT_VERSION = 71;
				DEBUG_INFORMATION_FORMAT = dwarf;
				ENABLE_STRICT_OBJC_MSGSEND = YES;
				ENABLE_TESTABILITY = YES;
				GCC_C_LANGUAGE_STANDARD = gnu11;
				GCC_DYNAMIC_NO_PIC = NO;
				GCC_NO_COMMON_BLOCKS = YES;
				GCC_OPTIMIZATION_LEVEL = 0;
				GCC_PREPROCESSOR_DEFINITIONS = (
					"$(inherited)",
					"DEBUG=1",
				);
				GCC_WARN_64_TO_32_BIT_CONVERSION = YES;
				GCC_WARN_ABOUT_RETURN_TYPE = YES_ERROR;
				GCC_WARN_UNDECLARED_SELECTOR = YES;
				GCC_WARN_UNINITIALIZED_AUTOS = YES_AGGRESSIVE;
				GCC_WARN_UNUSED_FUNCTION = YES;
				GCC_WARN_UNUSED_VARIABLE = YES;
				MACOSX_DEPLOYMENT_TARGET = 14.0;
				MARKETING_VERSION = 0.4.10;
				MTL_ENABLE_DEBUG_INFO = INCLUDE_SOURCE;
				MTL_FAST_MATH = YES;
				ONLY_ACTIVE_ARCH = YES;
				PRODUCT_NAME = "$(TARGET_NAME)";
				SDKROOT = macosx;
				SWIFT_ACTIVE_COMPILATION_CONDITIONS = DEBUG;
				SWIFT_OPTIMIZATION_LEVEL = "-Onone";
				SWIFT_VERSION = 5.10;
			};
			name = Debug;
		};
		DAD30C8211CCC0807471FA67 /* Release */ = {
			isa = XCBuildConfiguration;
			buildSettings = {
				ASSETCATALOG_COMPILER_APPICON_NAME = AppIcon;
				CODE_SIGN_ENTITLEMENTS = ARIL/ARIL.entitlements;
				COMBINE_HIDPI_IMAGES = YES;
				CURRENT_PROJECT_VERSION = 71;
				ENABLE_HARDENED_RUNTIME = YES;
				GENERATE_INFOPLIST_FILE = YES;
				INFOPLIST_KEY_CFBundleDisplayName = ARIL;
				INFOPLIST_KEY_LSApplicationCategoryType = "public.app-category.developer-tools";
				INFOPLIST_KEY_NSAppTransportSecurity_NSAllowsLocalNetworking = YES;
				INFOPLIST_KEY_NSHumanReadableCopyright = "Copyright © 2026 Ramon Ali";
				LD_RUNPATH_SEARCH_PATHS = (
					"$(inherited)",
					"@executable_path/../Frameworks",
				);
				MARKETING_VERSION = 0.4.10;
				PRODUCT_BUNDLE_IDENTIFIER = com.aril.app;
				PRODUCT_NAME = ARIL;
				SDKROOT = macosx;
			};
			name = Release;
		};
/* End XCBuildConfiguration section */

/* Begin XCConfigurationList section */
		10EC3AF507DECF6036430ACF /* Build configuration list for PBXNativeTarget "ARIL" */ = {
			isa = XCConfigurationList;
			buildConfigurations = (
				64E3840D32EFC20772DD94EB /* Debug */,
				DAD30C8211CCC0807471FA67 /* Release */,
			);
			defaultConfigurationIsVisible = 0;
			defaultConfigurationName = Debug;
		};
		505E55EBB4BD2214D7873DAB /* Build configuration list for PBXProject "ARIL" */ = {
			isa = XCConfigurationList;
			buildConfigurations = (
				8027498FFDDEEE1BD4DE11EE /* Debug */,
				57FBF9FDEDD500BBA9829662 /* Release */,
			);
			defaultConfigurationIsVisible = 0;
			defaultConfigurationName = Debug;
		};
/* End XCConfigurationList section */
	};
	rootObject = B33028128746AC0E6BFCBF09 /* Project object */;
}
